{
  "name": "buzur",
  "version": "1.2.0",
  "lockfileVersion": 3,
  "requires": true,
  "packages": {
    "": {
      "name": "buzur",
      "version": "1.2.0",
      "license": "MIT",
      "dependencies": {
        "buzur": "^1.0.0",
        "exifr": "^7.1.3",
        "jsqr": "^1.4.0"
      },
      "engines": {
        "node": ">=18.0.0"
      }
    },
    "node_modules/buzur": {
      "version": "1.0.0",
      "resolved": "https://registry.npmjs.org/buzur/-/buzur-1.0.0.tgz",
      "integrity": "sha512-GvZJkMuNhX6N6UtyOAiOE2bWAy4UopY/BYEHkTnMCYkVjxcQGEOa1G+39iCK8g/1FUcEPV2E2RPwCG2aiL7hCg==",
      "license": "MIT",
      "dependencies": {
        "exifr": "^7.1.3",
        "jsqr": "^1.4.0"
      },
      "engines": {
        "node": ">=18.0.0"
      }
    },
    "node_modules/exifr": {
      "version": "7.1.3",
      "resolved": "https://registry.npmjs.org/exifr/-/exifr-7.1.3.tgz",
      "integrity": "sha512-g/aje2noHivrRSLbAUtBPWFbxKdKhgj/xr1vATDdUXPOFYJlQ62Ft0oy+72V6XLIpDJfHs6gXLbBLAolqOXYRw==",
      "license": "MIT"
    },
    "node_modules/jsqr": {
      "version": "1.4.0",
      "resolved": "https://registry.npmjs.org/jsqr/-/jsqr-1.4.0.tgz",
      "integrity": "sha512-dxLob7q65Xg2DvstYkRpkYtmKm2sPJ9oFhrhmudT1dZvNFFTlroai3AWSpLey/w5vMcLBXRgOJsbXpdN9HzU/A==",
      "license": "Apache-2.0"
    }
  }
}
